
Microsoft Visual Studio Solution File, Format Version 12.00
# Visual Studio Version 16
VisualStudioVersion = 16.0.30907.101
MinimumVisualStudioVersion = 10.0.40219.1
Project("{FAE04EC0-301F-11D3-BF4B-00C04F79EFBC}") = "WepApi1", "WepApi1\WepApi1.csproj", "{0351556F-16C2-46DC-B6DC-9EC78B8850E4}"
EndProject
Global
	GlobalSection(SolutionConfigurationPlatforms) = preSolution
		Debug|Any CPU = Debug|Any CPU
		Release|Any CPU = Release|Any CPU
	EndGlobalSection
	GlobalSection(ProjectConfigurationPlatforms) = postSolution
		{0351556F-16C2-46DC-B6DC-9EC78B8850E4}.Debug|Any CPU.ActiveCfg = Debug|Any CPU
		{0351556F-16C2-46DC-B6DC-9EC78B8850E4}.Debug|Any CPU.Build.0 = Debug|Any CPU
		{0351556F-16C2-46DC-B6DC-9EC78B8850E4}.Release|Any CPU.ActiveCfg = Release|Any CPU
		{0351556F-16C2-46DC-B6DC-9EC78B8850E4}.Release|Any CPU.Build.0 = Release|Any CPU
	EndGlobalSection
	GlobalSection(SolutionProperties) = preSolution
		HideSolutionNode = FALSE
	EndGlobalSection
	GlobalSection(ExtensibilityGlobals) = postSolution
		SolutionGuid = {D110C410-AF93-4D3D-851D-499DD775AA4A}
	EndGlobalSection
EndGlobal
